
Microsoft Visual Studio Solution File, Format Version 12.00
# Visual Studio Version 17
VisualStudioVersion = 17.0.31903.59
MinimumVisualStudioVersion = 10.0.40219.1
Project("{2150E333-8FDC-42A3-9474-1A3956D46DE8}") = "src", "src", "{A09AC62E-9E66-4426-AADC-ABCFF400BA14}"
EndProject
Project("{FAE04EC0-301F-11D3-BF4B-00C04F79EFBC}") = "550W.Core", "src\550W.Core\550W.Core.csproj", "{D10BBBC5-CEF6-44EE-A391-BDACD4DCB971}"
EndProject
Project("{FAE04EC0-301F-11D3-BF4B-00C04F79EFBC}") = "550W.Controller", "src\550W.Controller\550W.Controller.csproj", "{346A87A2-6678-458F-8B45-36292008FBE4}"
EndProject
Project("{FAE04EC0-301F-11D3-BF4B-00C04F79EFBC}") = "550W.Animation", "src\550W.Animation\550W.Animation.csproj", "{785D8E51-6D36-4417-BD8B-004D09899692}"
EndProject
Project("{2150E333-8FDC-42A3-9474-1A3956D46DE8}") = "tests", "tests", "{A81523CA-7130-46BB-A244-F4E87AE1DE35}"
EndProject
Project("{FAE04EC0-301F-11D3-BF4B-00C04F79EFBC}") = "550W.Tests", "tests\550W.Tests\550W.Tests.csproj", "{6CEC0DA3-F9F3-4A67-91EE-12D80A4A54E4}"
EndProject
Project("{FAE04EC0-301F-11D3-BF4B-00C04F79EFBC}") = "550W.Fixture", "tests\550W.Fixture\550W.Fixture.csproj", "{4619F151-AEFE-4351-99A0-D241DFDA925C}"
EndProject
Project("{FAE04EC0-301F-11D3-BF4B-00C04F79EFBC}") = "550W.IntegrationHarness", "tests\550W.IntegrationHarness\550W.IntegrationHarness.csproj", "{EE632B93-8ED0-4EA4-930C-530FDE724F9A}"
EndProject
Project("{FAE04EC0-301F-11D3-BF4B-00C04F79EFBC}") = "550W.UiChecks", "tests\550W.UiChecks\550W.UiChecks.csproj", "{5DEDC5D1-4853-4A58-AC4F-FEC42EE49FC1}"
EndProject
Global
	GlobalSection(SolutionConfigurationPlatforms) = preSolution
		Debug|Any CPU = Debug|Any CPU
		Release|Any CPU = Release|Any CPU
	EndGlobalSection
	GlobalSection(SolutionProperties) = preSolution
		HideSolutionNode = FALSE
	EndGlobalSection
	GlobalSection(ProjectConfigurationPlatforms) = postSolution
		{D10BBBC5-CEF6-44EE-A391-BDACD4DCB971}.Debug|Any CPU.ActiveCfg = Debug|Any CPU
		{D10BBBC5-CEF6-44EE-A391-BDACD4DCB971}.Debug|Any CPU.Build.0 = Debug|Any CPU
		{D10BBBC5-CEF6-44EE-A391-BDACD4DCB971}.Release|Any CPU.ActiveCfg = Release|Any CPU
		{D10BBBC5-CEF6-44EE-A391-BDACD4DCB971}.Release|Any CPU.Build.0 = Release|Any CPU
		{346A87A2-6678-458F-8B45-36292008FBE4}.Debug|Any CPU.ActiveCfg = Debug|Any CPU
		{346A87A2-6678-458F-8B45-36292008FBE4}.Debug|Any CPU.Build.0 = Debug|Any CPU
		{346A87A2-6678-458F-8B45-36292008FBE4}.Release|Any CPU.ActiveCfg = Release|Any CPU
		{346A87A2-6678-458F-8B45-36292008FBE4}.Release|Any CPU.Build.0 = Release|Any CPU
		{785D8E51-6D36-4417-BD8B-004D09899692}.Debug|Any CPU.ActiveCfg = Debug|Any CPU
		{785D8E51-6D36-4417-BD8B-004D09899692}.Debug|Any CPU.Build.0 = Debug|Any CPU
		{785D8E51-6D36-4417-BD8B-004D09899692}.Release|Any CPU.ActiveCfg = Release|Any CPU
		{785D8E51-6D36-4417-BD8B-004D09899692}.Release|Any CPU.Build.0 = Release|Any CPU
		{6CEC0DA3-F9F3-4A67-91EE-12D80A4A54E4}.Debug|Any CPU.ActiveCfg = Debug|Any CPU
		{6CEC0DA3-F9F3-4A67-91EE-12D80A4A54E4}.Debug|Any CPU.Build.0 = Debug|Any CPU
		{6CEC0DA3-F9F3-4A67-91EE-12D80A4A54E4}.Release|Any CPU.ActiveCfg = Release|Any CPU
		{6CEC0DA3-F9F3-4A67-91EE-12D80A4A54E4}.Release|Any CPU.Build.0 = Release|Any CPU
		{4619F151-AEFE-4351-99A0-D241DFDA925C}.Debug|Any CPU.ActiveCfg = Debug|Any CPU
		{4619F151-AEFE-4351-99A0-D241DFDA925C}.Debug|Any CPU.Build.0 = Debug|Any CPU
		{4619F151-AEFE-4351-99A0-D241DFDA925C}.Release|Any CPU.ActiveCfg = Release|Any CPU
		{4619F151-AEFE-4351-99A0-D241DFDA925C}.Release|Any CPU.Build.0 = Release|Any CPU
		{EE632B93-8ED0-4EA4-930C-530FDE724F9A}.Debug|Any CPU.ActiveCfg = Debug|Any CPU
		{EE632B93-8ED0-4EA4-930C-530FDE724F9A}.Debug|Any CPU.Build.0 = Debug|Any CPU
		{EE632B93-8ED0-4EA4-930C-530FDE724F9A}.Release|Any CPU.ActiveCfg = Release|Any CPU
		{EE632B93-8ED0-4EA4-930C-530FDE724F9A}.Release|Any CPU.Build.0 = Release|Any CPU
		{5DEDC5D1-4853-4A58-AC4F-FEC42EE49FC1}.Debug|Any CPU.ActiveCfg = Debug|Any CPU
		{5DEDC5D1-4853-4A58-AC4F-FEC42EE49FC1}.Debug|Any CPU.Build.0 = Debug|Any CPU
		{5DEDC5D1-4853-4A58-AC4F-FEC42EE49FC1}.Release|Any CPU.ActiveCfg = Release|Any CPU
		{5DEDC5D1-4853-4A58-AC4F-FEC42EE49FC1}.Release|Any CPU.Build.0 = Release|Any CPU
	EndGlobalSection
	GlobalSection(NestedProjects) = preSolution
		{D10BBBC5-CEF6-44EE-A391-BDACD4DCB971} = {A09AC62E-9E66-4426-AADC-ABCFF400BA14}
		{346A87A2-6678-458F-8B45-36292008FBE4} = {A09AC62E-9E66-4426-AADC-ABCFF400BA14}
		{785D8E51-6D36-4417-BD8B-004D09899692} = {A09AC62E-9E66-4426-AADC-ABCFF400BA14}
		{6CEC0DA3-F9F3-4A67-91EE-12D80A4A54E4} = {A81523CA-7130-46BB-A244-F4E87AE1DE35}
		{4619F151-AEFE-4351-99A0-D241DFDA925C} = {A81523CA-7130-46BB-A244-F4E87AE1DE35}
		{EE632B93-8ED0-4EA4-930C-530FDE724F9A} = {A81523CA-7130-46BB-A244-F4E87AE1DE35}
		{5DEDC5D1-4853-4A58-AC4F-FEC42EE49FC1} = {A81523CA-7130-46BB-A244-F4E87AE1DE35}
	EndGlobalSection
EndGlobal
